
Microsoft Visual Studio Solution File, Format Version 12.00
# Visual Studio Version 16
VisualStudioVersion = 16.0.31019.35
MinimumVisualStudioVersion = 10.0.40219.1
Project("{FAE04EC0-301F-11D3-BF4B-00C04F79EFBC}") = "OnX", "OnX\OnX.csproj", "{15C9784C-693F-4A46-9DC0-F6650007AA13}"
EndProject
Global
	GlobalSection(SolutionConfigurationPlatforms) = preSolution
		Debug|Any CPU = Debug|Any CPU
		Release|Any CPU = Release|Any CPU
	EndGlobalSection
	GlobalSection(ProjectConfigurationPlatforms) = postSolution
		{15C9784C-693F-4A46-9DC0-F6650007AA13}.Debug|Any CPU.ActiveCfg = Debug|Any CPU
		{15C9784C-693F-4A46-9DC0-F6650007AA13}.Debug|Any CPU.Build.0 = Debug|Any CPU
		{15C9784C-693F-4A46-9DC0-F6650007AA13}.Release|Any CPU.ActiveCfg = Release|Any CPU
		{15C9784C-693F-4A46-9DC0-F6650007AA13}.Release|Any CPU.Build.0 = Release|Any CPU
	EndGlobalSection
	GlobalSection(SolutionProperties) = preSolution
		HideSolutionNode = FALSE
	EndGlobalSection
	GlobalSection(ExtensibilityGlobals) = postSolution
		SolutionGuid = {9330B70C-7334-4C28-A2DF-421EEA09C4F2}
	EndGlobalSection
EndGlobal
